# THIS IS AN AUTOGENERATED FILE. DO NOT EDIT THIS FILE DIRECTLY.
# yarn lockfile v1


esm@^3.2.25:
  version "3.2.25"
  resolved "https://registry.yarnpkg.com/esm/-/esm-3.2.25.tgz#342c18c29d56157688ba5ce31f8431fbb795cc10"

zora@^3.1.8:
  version "3.1.8"
  resolved "https://registry.yarnpkg.com/zora/-/zora-3.1.8.tgz#84cf75a057005931058db43366cad8c75a21f04c"
